PODS:
  - Flutter (1.0.0)
  - flutter_soloud (0.0.1):
    - Flutter
  - permission_handler_apple (9.3.0):
    - Flutter
  - record_ios (1.2.0):
    - Flutter

DEPENDENCIES:
  - Flutter (from `Flutter`)
  - flutter_soloud (from `.symlinks/plugins/flutter_soloud/ios`)
  - permission_handler_apple (from `.symlinks/plugins/permission_handler_apple/ios`)
  - record_ios (from `.symlinks/plugins/record_ios/ios`)

EXTERNAL SOURCES:
  Flutter:
    :path: Flutter
  flutter_soloud:
    :path: ".symlinks/plugins/flutter_soloud/ios"
  permission_handler_apple:
    :path: ".symlinks/plugins/permission_handler_apple/ios"
  record_ios:
    :path: ".symlinks/plugins/record_ios/ios"

SPEC CHECKSUMS:
  Flutter: cabc95a1d2626b1b06e7179b784ebcf0c0cde467
  flutter_soloud: ceb463dfdba562ed9e3798855eca9a4ecc72d23c
  permission_handler_apple: 4ed2196e43d0651e8ff7ca3483a069d469701f2d
  record_ios: 412daca2350b228e698fffcd08f1f94ceb1e3844

PODFILE CHECKSUM: 4db160012e7ef3d1d8f999b351ce7fdc10bc3647

COCOAPODS: 1.16.2
